
Microsoft Visual Studio Solution File, Format Version 12.00
# Visual Studio Version 16
VisualStudioVersion = 16.0.29009.5
MinimumVisualStudioVersion = 10.0.40219.1
Project("{FAE04EC0-301F-11D3-BF4B-00C04F79EFBC}") = "BMICalculator_Assignment04", "BMICalculator_Assignment04\BMICalculator_Assignment04.csproj", "{037310F4-A16F-4635-A97C-B5C5570998F1}"
EndProject
Global
	GlobalSection(SolutionConfigurationPlatforms) = preSolution
		Debug|Any CPU = Debug|Any CPU
		Release|Any CPU = Release|Any CPU
	EndGlobalSection
	GlobalSection(ProjectConfigurationPlatforms) = postSolution
		{037310F4-A16F-4635-A97C-B5C5570998F1}.Debug|Any CPU.ActiveCfg = Debug|Any CPU
		{037310F4-A16F-4635-A97C-B5C5570998F1}.Debug|Any CPU.Build.0 = Debug|Any CPU
		{037310F4-A16F-4635-A97C-B5C5570998F1}.Release|Any CPU.ActiveCfg = Release|Any CPU
		{037310F4-A16F-4635-A97C-B5C5570998F1}.Release|Any CPU.Build.0 = Release|Any CPU
	EndGlobalSection
	GlobalSection(SolutionProperties) = preSolution
		HideSolutionNode = FALSE
	EndGlobalSection
	GlobalSection(ExtensibilityGlobals) = postSolution
		SolutionGuid = {35E9CDDA-2A20-4029-BA60-6E832443632A}
	EndGlobalSection
EndGlobal
